
Microsoft Visual Studio Solution File, Format Version 12.00
# Visual Studio Version 16
VisualStudioVersion = 16.0.31112.23
MinimumVisualStudioVersion = 10.0.40219.1
Project("{FAE04EC0-301F-11D3-BF4B-00C04F79EFBC}") = "CreatingFiles", "CreatingFiles\CreatingFiles.csproj", "{63C7E16E-C492-439A-93EA-F35B549A54D8}"
EndProject
Global
	GlobalSection(SolutionConfigurationPlatforms) = preSolution
		Debug|Any CPU = Debug|Any CPU
		Release|Any CPU = Release|Any CPU
	EndGlobalSection
	GlobalSection(ProjectConfigurationPlatforms) = postSolution
		{63C7E16E-C492-439A-93EA-F35B549A54D8}.Debug|Any CPU.ActiveCfg = Debug|Any CPU
		{63C7E16E-C492-439A-93EA-F35B549A54D8}.Debug|Any CPU.Build.0 = Debug|Any CPU
		{63C7E16E-C492-439A-93EA-F35B549A54D8}.Release|Any CPU.ActiveCfg = Release|Any CPU
		{63C7E16E-C492-439A-93EA-F35B549A54D8}.Release|Any CPU.Build.0 = Release|Any CPU
	EndGlobalSection
	GlobalSection(SolutionProperties) = preSolution
		HideSolutionNode = FALSE
	EndGlobalSection
	GlobalSection(ExtensibilityGlobals) = postSolution
		SolutionGuid = {81F2CD7A-665A-4AE5-8AB7-532FC799D6C3}
	EndGlobalSection
EndGlobal
